
Microsoft Visual Studio Solution File, Format Version 12.00
# Visual Studio Version 17
VisualStudioVersion = 17.1.32421.90
MinimumVisualStudioVersion = 10.0.40219.1
Project("{FAE04EC0-301F-11D3-BF4B-00C04F79EFBC}") = "camp_project", "camp_project\camp_project.csproj", "{FA4DCD9C-6F6E-4F98-8976-78D0CA76B722}"
EndProject
Global
	GlobalSection(SolutionConfigurationPlatforms) = preSolution
		Debug|Any CPU = Debug|Any CPU
		Release|Any CPU = Release|Any CPU
	EndGlobalSection
	GlobalSection(ProjectConfigurationPlatforms) = postSolution
		{FA4DCD9C-6F6E-4F98-8976-78D0CA76B722}.Debug|Any CPU.ActiveCfg = Debug|Any CPU
		{FA4DCD9C-6F6E-4F98-8976-78D0CA76B722}.Debug|Any CPU.Build.0 = Debug|Any CPU
		{FA4DCD9C-6F6E-4F98-8976-78D0CA76B722}.Release|Any CPU.ActiveCfg = Release|Any CPU
		{FA4DCD9C-6F6E-4F98-8976-78D0CA76B722}.Release|Any CPU.Build.0 = Release|Any CPU
	EndGlobalSection
	GlobalSection(SolutionProperties) = preSolution
		HideSolutionNode = FALSE
	EndGlobalSection
	GlobalSection(ExtensibilityGlobals) = postSolution
		SolutionGuid = {B1148937-828A-418A-8695-FE0C6DD3BA87}
	EndGlobalSection
EndGlobal
